// !$*UTF8*$!
{
	archiveVersion = 1;
	classes = {
	};
	objectVersion = 51;
	objects = {

/* Begin PBXBuildFile section */
		0D91411529BB218D00DB9E5C /* AppDelegate.swift in Sources */ = {isa = PBXBuildFile; fileRef = 0D91411429BB218D00DB9E5C /* AppDelegate.swift */; };
		0D91411729BB218D00DB9E5C /* SceneDelegate.swift in Sources */ = {isa = PBXBuildFile; fileRef = 0D91411629BB218D00DB9E5C /* SceneDelegate.swift */; };
		0D91411E29BB219000DB9E5C /* Assets.xcassets in Resources */ = {isa = PBXBuildFile; fileRef = 0D91411D29BB219000DB9E5C /* Assets.xcassets */; };
		0D91412129BB219000DB9E5C /* LaunchScreen.storyboard in Resources */ = {isa = PBXBuildFile; fileRef = 0D91411F29BB219000DB9E5C /* LaunchScreen.storyboard */; };
		0D91412F29BB224B00DB9E5C /* StartViewController.swift in Sources */ = {isa = PBXBuildFile; fileRef = 0D91412E29BB224B00DB9E5C /* StartViewController.swift */; };
		0D91413529BB5BE200DB9E5C /* SecondViewController.swift in Sources */ = {isa = PBXBuildFile; fileRef = 0D91413429BB5BE200DB9E5C /* SecondViewController.swift */; };
		0D91413829BB8D4700DB9E5C /* ThirdViewController.swift in Sources */ = {isa = PBXBuildFile; fileRef = 0D91413729BB8D4700DB9E5C /* ThirdViewController.swift */; };
		2867D73202C1C93558409669 /* Pods_HW63.framework in Frameworks */ = {isa = PBXBuildFile; fileRef = A2335E16467C9E14766CC375 /* Pods_HW63.framework */; };
/* End PBXBuildFile section */

/* Begin PBXFileReference section */
		060C4B9504D7D2F900180A96 /* Pods-HW63.release.xcconfig */ = {isa = PBXFileReference; includeInIndex = 1; lastKnownFileType = text.xcconfig; name = "Pods-HW63.release.xcconfig"; path = "Target Support Files/Pods-HW63/Pods-HW63.release.xcconfig"; sourceTree = "<group>"; };
		0D91411129BB218D00DB9E5C /* HW63.app */ = {isa = PBXFileReference; explicitFileType = wrapper.application; includeInIndex = 0; path = HW63.app; sourceTree = BUILT_PRODUCTS_DIR; };
		0D91411429BB218D00DB9E5C /* AppDelegate.swift */ = {isa = PBXFileReference; lastKnownFileType = sourcecode.swift; path = AppDelegate.swift; sourceTree = "<group>"; };
		0D91411629BB218D00DB9E5C /* SceneDelegate.swift */ = {isa = PBXFileReference; lastKnownFileType = sourcecode.swift; path = SceneDelegate.swift; sourceTree = "<group>"; };
		0D91411D29BB219000DB9E5C /* Assets.xcassets */ = {isa = PBXFileReference; lastKnownFileType = folder.assetcatalog; path = Assets.xcassets; sourceTree = "<group>"; };
		0D91412029BB219000DB9E5C /* Base */ = {isa = PBXFileReference; lastKnownFileType = file.storyboard; name = Base; path = Base.lproj/LaunchScreen.storyboard; sourceTree = "<group>"; };
		0D91412229BB219000DB9E5C /* Info.plist */ = {isa = PBXFileReference; lastKnownFileType = text.plist.xml; path = Info.plist; sourceTree = "<group>"; };
		0D91412E29BB224B00DB9E5C /* StartViewController.swift */ = {isa = PBXFileReference; lastKnownFileType = sourcecode.swift; path = StartViewController.swift; sourceTree = "<group>"; };
		0D91413429BB5BE200DB9E5C /* SecondViewController.swift */ = {isa = PBXFileReference; lastKnownFileType = sourcecode.swift; path = SecondViewController.swift; sourceTree = "<group>"; };
		0D91413729BB8D4700DB9E5C /* ThirdViewController.swift */ = {isa = PBXFileReference; lastKnownFileType = sourcecode.swift; path = ThirdViewController.swift; sourceTree = "<group>"; };
		A2335E16467C9E14766CC375 /* Pods_HW63.framework */ = {isa = PBXFileReference; explicitFileType = wrapper.framework; includeInIndex = 0; path = Pods_HW63.framework; sourceTree = BUILT_PRODUCTS_DIR; };
		B69C40DD034A39CCAB0F6212 /* Pods-HW63.debug.xcconfig */ = {isa = PBXFileReference; includeInIndex = 1; lastKnownFileType = text.xcconfig; name = "Pods-HW63.debug.xcconfig"; path = "Target Support Files/Pods-HW63/Pods-HW63.debug.xcconfig"; sourceTree = "<group>"; };
/* End PBXFileReference section */

/* Begin PBXFrameworksBuildPhase section */
		0D91410E29BB218D00DB9E5C /* Frameworks */ = {
			isa = PBXFrameworksBuildPhase;
			buildActionMask = 2147483647;
			files = (
				2867D73202C1C93558409669 /* Pods_HW63.framework in Frameworks */,
			);
			runOnlyForDeploymentPostprocessing = 0;
		};
/* End PBXFrameworksBuildPhase section */

/* Begin PBXGroup section */
		0D91410829BB218D00DB9E5C = {
			isa = PBXGroup;
			children = (
				0D91411329BB218D00DB9E5C /* HW63 */,
				0D91411229BB218D00DB9E5C /* Products */,
				9761482A5A9742365ACEFB52 /* Pods */,
				34FFCBF94316C5CC579B78CC /* Frameworks */,
			);
			sourceTree = "<group>";
		};
		0D91411229BB218D00DB9E5C /* Products */ = {
			isa = PBXGroup;
			children = (
				0D91411129BB218D00DB9E5C /* HW63.app */,
			);
			name = Products;
			sourceTree = "<group>";
		};
		0D91411329BB218D00DB9E5C /* HW63 */ = {
			isa = PBXGroup;
			children = (
				0D91412D29BB223B00DB9E5C /* Common */,
				0D91412C29BB222900DB9E5C /* Resources */,
				0D91412B29BB221A00DB9E5C /* AppDelegates */,
				0D91412229BB219000DB9E5C /* Info.plist */,
			);
			path = HW63;
			sourceTree = "<group>";
		};
		0D91412B29BB221A00DB9E5C /* AppDelegates */ = {
			isa = PBXGroup;
			children = (
				0D91411429BB218D00DB9E5C /* AppDelegate.swift */,
				0D91411629BB218D00DB9E5C /* SceneDelegate.swift */,
			);
			path = AppDelegates;
			sourceTree = "<group>";
		};
		0D91412C29BB222900DB9E5C /* Resources */ = {
			isa = PBXGroup;
			children = (
				0D91411F29BB219000DB9E5C /* LaunchScreen.storyboard */,
				0D91411D29BB219000DB9E5C /* Assets.xcassets */,
			);
			path = Resources;
			sourceTree = "<group>";
		};
		0D91412D29BB223B00DB9E5C /* Common */ = {
			isa = PBXGroup;
			children = (
				0D91412E29BB224B00DB9E5C /* StartViewController.swift */,
				0D91413429BB5BE200DB9E5C /* SecondViewController.swift */,
				0D91413729BB8D4700DB9E5C /* ThirdViewController.swift */,
			);
			path = Common;
			sourceTree = "<group>";
		};
		34FFCBF94316C5CC579B78CC /* Frameworks */ = {
			isa = PBXGroup;
			children = (
				A2335E16467C9E14766CC375 /* Pods_HW63.framework */,
			);
			name = Frameworks;
			sourceTree = "<group>";
		};
		9761482A5A9742365ACEFB52 /* Pods */ = {
			isa = PBXGroup;
			children = (
				B69C40DD034A39CCAB0F6212 /* Pods-HW63.debug.xcconfig */,
				060C4B9504D7D2F900180A96 /* Pods-HW63.release.xcconfig */,
			);
			path = Pods;
			sourceTree = "<group>";
		};
/* End PBXGroup section */

/* Begin PBXNativeTarget section */
		0D91411029BB218D00DB9E5C /* HW63 */ = {
			isa = PBXNativeTarget;
			buildConfigurationList = 0D91412529BB219000DB9E5C /* Build configuration list for PBXNativeTarget "HW63" */;
			buildPhases = (
				391BFA7EC1CDA345913B0CB5 /* [CP] Check Pods Manifest.lock */,
				0D91410D29BB218D00DB9E5C /* Sources */,
				0D91410E29BB218D00DB9E5C /* Frameworks */,
				0D91410F29BB218D00DB9E5C /* Resources */,
				54976E87FF05BF006EEB2A85 /* [CP] Embed Pods Frameworks */,
			);
			buildRules = (
			);
			dependencies = (
			);
			name = HW63;
			productName = HW63;
			productReference = 0D91411129BB218D00DB9E5C /* HW63.app */;
			productType = "com.apple.product-type.application";
		};
/* End PBXNativeTarget section */

/* Begin PBXProject section */
		0D91410929BB218D00DB9E5C /* Project object */ = {
			isa = PBXProject;
			attributes = {
				LastSwiftUpdateCheck = 1210;
				LastUpgradeCheck = 1210;
				TargetAttributes = {
					0D91411029BB218D00DB9E5C = {
						CreatedOnToolsVersion = 12.1;
					};
				};
			};
			buildConfigurationList = 0D91410C29BB218D00DB9E5C /* Build configuration list for PBXProject "HW63" */;
			compatibilityVersion = "Xcode 9.3";
			developmentRegion = en;
			hasScannedForEncodings = 0;
			knownRegions = (
				en,
				Base,
			);
			mainGroup = 0D91410829BB218D00DB9E5C;
			productRefGroup = 0D91411229BB218D00DB9E5C /* Products */;
			projectDirPath = "";
			projectRoot = "";
			targets = (
				0D91411029BB218D00DB9E5C /* HW63 */,
			);
		};
/* End PBXProject section */

/* Begin PBXResourcesBuildPhase section */
		0D91410F29BB218D00DB9E5C /* Resources */ = {
			isa = PBXResourcesBuildPhase;
			buildActionMask = 2147483647;
			files = (
				0D91412129BB219000DB9E5C /* LaunchScreen.storyboard in Resources */,
				0D91411E29BB219000DB9E5C /* Assets.xcassets in Resources */,
			);
			runOnlyForDeploymentPostprocessing = 0;
		};
/* End PBXResourcesBuildPhase section */

/* Begin PBXShellScriptBuildPhase section */
		391BFA7EC1CDA345913B0CB5 /* [CP] Check Pods Manifest.lock */ = {
			isa = PBXShellScriptBuildPhase;
			buildActionMask = 2147483647;
			files = (
			);
			inputFileListPaths = (
			);
			inputPaths = (
				"${PODS_PODFILE_DIR_PATH}/Podfile.lock",
				"${PODS_ROOT}/Manifest.lock",
			);
			name = "[CP] Check Pods Manifest.lock";
			outputFileListPaths = (
			);
			outputPaths = (
				"$(DERIVED_FILE_DIR)/Pods-HW63-checkManifestLockResult.txt",
			);
			runOnlyForDeploymentPostprocessing = 0;
			shellPath = /bin/sh;
			shellScript = "diff \"${PODS_PODFILE_DIR_PATH}/Podfile.lock\" \"${PODS_ROOT}/Manifest.lock\" > /dev/null\nif [ $? != 0 ] ; then\n    # print error to STDERR\n    echo \"error: The sandbox is not in sync with the Podfile.lock. Run 'pod install' or update your CocoaPods installation.\" >&2\n    exit 1\nfi\n# This output is used by Xcode 'outputs' to avoid re-running this script phase.\necho \"SUCCESS\" > \"${SCRIPT_OUTPUT_FILE_0}\"\n";
			showEnvVarsInLog = 0;
		};
		54976E87FF05BF006EEB2A85 /* [CP] Embed Pods Frameworks */ = {
			isa = PBXShellScriptBuildPhase;
			buildActionMask = 2147483647;
			files = (
			);
			inputFileListPaths = (
				"${PODS_ROOT}/Target Support Files/Pods-HW63/Pods-HW63-frameworks-${CONFIGURATION}-input-files.xcfilelist",
			);
			name = "[CP] Embed Pods Frameworks";
			outputFileListPaths = (
				"${PODS_ROOT}/Target Support Files/Pods-HW63/Pods-HW63-frameworks-${CONFIGURATION}-output-files.xcfilelist",
			);
			runOnlyForDeploymentPostprocessing = 0;
			shellPath = /bin/sh;
			shellScript = "\"${PODS_ROOT}/Target Support Files/Pods-HW63/Pods-HW63-frameworks.sh\"\n";
			showEnvVarsInLog = 0;
		};
/* End PBXShellScriptBuildPhase section */

/* Begin PBXSourcesBuildPhase section */
		0D91410D29BB218D00DB9E5C /* Sources */ = {
			isa = PBXSourcesBuildPhase;
			buildActionMask = 2147483647;
			files = (
				0D91413529BB5BE200DB9E5C /* SecondViewController.swift in Sources */,
				0D91411529BB218D00DB9E5C /* AppDelegate.swift in Sources */,
				0D91413829BB8D4700DB9E5C /* ThirdViewController.swift in Sources */,
				0D91411729BB218D00DB9E5C /* SceneDelegate.swift in Sources */,
				0D91412F29BB224B00DB9E5C /* StartViewController.swift in Sources */,
			);
			runOnlyForDeploymentPostprocessing = 0;
		};
/* End PBXSourcesBuildPhase section */

/* Begin PBXVariantGroup section */
		0D91411F29BB219000DB9E5C /* LaunchScreen.storyboard */ = {
			isa = PBXVariantGroup;
			children = (
				0D91412029BB219000DB9E5C /* Base */,
			);
			name = LaunchScreen.storyboard;
			sourceTree = "<group>";
		};
/* End PBXVariantGroup section */

/* Begin XCBuildConfiguration section */
		0D91412329BB219000DB9E5C /* Debug */ = {
			isa = XCBuildConfiguration;
			buildSettings = {
				ALWAYS_SEARCH_USER_PATHS = NO;
				CLANG_ANALYZER_NONNULL = YES;
				CLANG_ANALYZER_NUMBER_OBJECT_CONVERSION = YES_AGGRESSIVE;
				CLANG_CXX_LANGUAGE_STANDARD = "gnu++14";
				CLANG_CXX_LIBRARY = "libc++";
				CLANG_ENABLE_MODULES = YES;
				CLANG_ENABLE_OBJC_ARC = YES;
				CLANG_ENABLE_OBJC_WEAK = YES;
				CLANG_WARN_BLOCK_CAPTURE_AUTORELEASING = YES;
				CLANG_WARN_BOOL_CONVERSION = YES;
				CLANG_WARN_COMMA = YES;
				CLANG_WARN_CONSTANT_CONVERSION = YES;
				CLANG_WARN_DEPRECATED_OBJC_IMPLEMENTATIONS = YES;
				CLANG_WARN_DIRECT_OBJC_ISA_USAGE = YES_ERROR;
				CLANG_WARN_DOCUMENTATION_COMMENTS = YES;
				CLANG_WARN_EMPTY_BODY = YES;
				CLANG_WARN_ENUM_CONVERSION = YES;
				CLANG_WARN_INFINITE_RECURSION = YES;
				CLANG_WARN_INT_CONVERSION = YES;
				CLANG_WARN_NON_LITERAL_NULL_CONVERSION = YES;
				CLANG_WARN_OBJC_IMPLICIT_RETAIN_SELF = YES;
				CLANG_WARN_OBJC_LITERAL_CONVERSION = YES;
				CLANG_WARN_OBJC_ROOT_CLASS = YES_ERROR;
				CLANG_WARN_QUOTED_INCLUDE_IN_FRAMEWORK_HEADER = YES;
				CLANG_WARN_RANGE_LOOP_ANALYSIS = YES;
				CLANG_WARN_STRICT_PROTOTYPES = YES;
				CLANG_WARN_SUSPICIOUS_MOVE = YES;
				CLANG_WARN_UNGUARDED_AVAILABILITY = YES_AGGRESSIVE;
				CLANG_WARN_UNREACHABLE_CODE = YES;
				CLANG_WARN__DUPLICATE_METHOD_MATCH = YES;
				COPY_PHASE_STRIP = NO;
				DEBUG_INFORMATION_FORMAT = dwarf;
				ENABLE_STRICT_OBJC_MSGSEND = YES;
				ENABLE_TESTABILITY = YES;
				GCC_C_LANGUAGE_STANDARD = gnu11;
				GCC_DYNAMIC_NO_PIC = NO;
				GCC_NO_COMMON_BLOCKS = YES;
				GCC_OPTIMIZATION_LEVEL = 0;
				GCC_PREPROCESSOR_DEFINITIONS = (
					"DEBUG=1",
					"$(inherited)",
				);
				GCC_WARN_64_TO_32_BIT_CONVERSION = YES;
				GCC_WARN_ABOUT_RETURN_TYPE = YES_ERROR;
				GCC_WARN_UNDECLARED_SELECTOR = YES;
				GCC_WARN_UNINITIALIZED_AUTOS = YES_AGGRESSIVE;
				GCC_WARN_UNUSED_FUNCTION = YES;
				GCC_WARN_UNUSED_VARIABLE = YES;
				IPHONEOS_DEPLOYMENT_TARGET = 14.1;
				MTL_ENABLE_DEBUG_INFO = INCLUDE_SOURCE;
				MTL_FAST_MATH = YES;
				ONLY_ACTIVE_ARCH = YES;
				SDKROOT = iphoneos;
				SWIFT_ACTIVE_COMPILATION_CONDITIONS = DEBUG;
				SWIFT_OPTIMIZATION_LEVEL = "-Onone";
			};
			name = Debug;
		};
		0D91412429BB219000DB9E5C /* Release */ = {
			isa = XCBuildConfiguration;
			buildSettings = {
				ALWAYS_SEARCH_USER_PATHS = NO;
				CLANG_ANALYZER_NONNULL = YES;
				CLANG_ANALYZER_NUMBER_OBJECT_CONVERSION = YES_AGGRESSIVE;
				CLANG_CXX_LANGUAGE_STANDARD = "gnu++14";
				CLANG_CXX_LIBRARY = "libc++";
				CLANG_ENABLE_MODULES = YES;
				CLANG_ENABLE_OBJC_ARC = YES;
				CLANG_ENABLE_OBJC_WEAK = YES;
				CLANG_WARN_BLOCK_CAPTURE_AUTORELEASING = YES;
				CLANG_WARN_BOOL_CONVERSION = YES;
				CLANG_WARN_COMMA = YES;
				CLANG_WARN_CONSTANT_CONVERSION = YES;
				CLANG_WARN_DEPRECATED_OBJC_IMPLEMENTATIONS = YES;
				CLANG_WARN_DIRECT_OBJC_ISA_USAGE = YES_ERROR;
				CLANG_WARN_DOCUMENTATION_COMMENTS = YES;
				CLANG_WARN_EMPTY_BODY = YES;
				CLANG_WARN_ENUM_CONVERSION = YES;
				CLANG_WARN_INFINITE_RECURSION = YES;
				CLANG_WARN_INT_CONVERSION = YES;
				CLANG_WARN_NON_LITERAL_NULL_CONVERSION = YES;
				CLANG_WARN_OBJC_IMPLICIT_RETAIN_SELF = YES;
				CLANG_WARN_OBJC_LITERAL_CONVERSION = YES;
				CLANG_WARN_OBJC_ROOT_CLASS = YES_ERROR;
				CLANG_WARN_QUOTED_INCLUDE_IN_FRAMEWORK_HEADER = YES;
				CLANG_WARN_RANGE_LOOP_ANALYSIS = YES;
				CLANG_WARN_STRICT_PROTOTYPES = YES;
				CLANG_WARN_SUSPICIOUS_MOVE = YES;
				CLANG_WARN_UNGUARDED_AVAILABILITY = YES_AGGRESSIVE;
				CLANG_WARN_UNREACHABLE_CODE = YES;
				CLANG_WARN__DUPLICATE_METHOD_MATCH = YES;
				COPY_PHASE_STRIP = NO;
				DEBUG_INFORMATION_FORMAT = "dwarf-with-dsym";
				ENABLE_NS_ASSERTIONS = NO;
				ENABLE_STRICT_OBJC_MSGSEND = YES;
				GCC_C_LANGUAGE_STANDARD = gnu11;
				GCC_NO_COMMON_BLOCKS = YES;
				GCC_WARN_64_TO_32_BIT_CONVERSION = YES;
				GCC_WARN_ABOUT_RETURN_TYPE = YES_ERROR;
				GCC_WARN_UNDECLARED_SELECTOR = YES;
				GCC_WARN_UNINITIALIZED_AUTOS = YES_AGGRESSIVE;
				GCC_WARN_UNUSED_FUNCTION = YES;
				GCC_WARN_UNUSED_VARIABLE = YES;
				IPHONEOS_DEPLOYMENT_TARGET = 14.1;
				MTL_ENABLE_DEBUG_INFO = NO;
				MTL_FAST_MATH = YES;
				SDKROOT = iphoneos;
				SWIFT_COMPILATION_MODE = wholemodule;
				SWIFT_OPTIMIZATION_LEVEL = "-O";
				VALIDATE_PRODUCT = YES;
			};
			name = Release;
		};
		0D91412629BB219000DB9E5C /* Debug */ = {
			isa = XCBuildConfiguration;
			baseConfigurationReference = B69C40DD034A39CCAB0F6212 /* Pods-HW63.debug.xcconfig */;
			buildSettings = {
				ASSETCATALOG_COMPILER_APPICON_NAME = AppIcon;
				ASSETCATALOG_COMPILER_GLOBAL_ACCENT_COLOR_NAME = AccentColor;
				CODE_SIGN_STYLE = Automatic;
				INFOPLIST_FILE = HW63/Info.plist;
				LD_RUNPATH_SEARCH_PATHS = (
					"$(inherited)",
					"@executable_path/Frameworks",
				);
				PRODUCT_BUNDLE_IDENTIFIER = month3.HW63;
				PRODUCT_NAME = "$(TARGET_NAME)";
				SWIFT_VERSION = 5.0;
				TARGETED_DEVICE_FAMILY = "1,2";
			};
			name = Debug;
		};
		0D91412729BB219000DB9E5C /* Release */ = {
			isa = XCBuildConfiguration;
			baseConfigurationReference = 060C4B9504D7D2F900180A96 /* Pods-HW63.release.xcconfig */;
			buildSettings = {
				ASSETCATALOG_COMPILER_APPICON_NAME = AppIcon;
				ASSETCATALOG_COMPILER_GLOBAL_ACCENT_COLOR_NAME = AccentColor;
				CODE_SIGN_STYLE = Automatic;
				INFOPLIST_FILE = HW63/Info.plist;
				LD_RUNPATH_SEARCH_PATHS = (
					"$(inherited)",
					"@executable_path/Frameworks",
				);
				PRODUCT_BUNDLE_IDENTIFIER = month3.HW63;
				PRODUCT_NAME = "$(TARGET_NAME)";
				SWIFT_VERSION = 5.0;
				TARGETED_DEVICE_FAMILY = "1,2";
			};
			name = Release;
		};
/* End XCBuildConfiguration section */

/* Begin XCConfigurationList section */
		0D91410C29BB218D00DB9E5C /* Build configuration list for PBXProject "HW63" */ = {
			isa = XCConfigurationList;
			buildConfigurations = (
				0D91412329BB219000DB9E5C /* Debug */,
				0D91412429BB219000DB9E5C /* Release */,
			);
			defaultConfigurationIsVisible = 0;
			defaultConfigurationName = Release;
		};
		0D91412529BB219000DB9E5C /* Build configuration list for PBXNativeTarget "HW63" */ = {
			isa = XCConfigurationList;
			buildConfigurations = (
				0D91412629BB219000DB9E5C /* Debug */,
				0D91412729BB219000DB9E5C /* Release */,
			);
			defaultConfigurationIsVisible = 0;
			defaultConfigurationName = Release;
		};
/* End XCConfigurationList section */
	};
	rootObject = 0D91410929BB218D00DB9E5C /* Project object */;
}
